
Microsoft Visual Studio Solution File, Format Version 12.00
# Visual Studio Version 17
VisualStudioVersion = 17.6.33723.286
MinimumVisualStudioVersion = 10.0.40219.1
Project("{FAE04EC0-301F-11D3-BF4B-00C04F79EFBC}") = "Testdocker", "Testdocker\Testdocker.csproj", "{75EF966C-B3EF-4268-97BB-AF63173980D8}"
EndProject
Global
	GlobalSection(SolutionConfigurationPlatforms) = preSolution
		Debug|Any CPU = Debug|Any CPU
		Release|Any CPU = Release|Any CPU
	EndGlobalSection
	GlobalSection(ProjectConfigurationPlatforms) = postSolution
		{75EF966C-B3EF-4268-97BB-AF63173980D8}.Debug|Any CPU.ActiveCfg = Debug|Any CPU
		{75EF966C-B3EF-4268-97BB-AF63173980D8}.Debug|Any CPU.Build.0 = Debug|Any CPU
		{75EF966C-B3EF-4268-97BB-AF63173980D8}.Release|Any CPU.ActiveCfg = Release|Any CPU
		{75EF966C-B3EF-4268-97BB-AF63173980D8}.Release|Any CPU.Build.0 = Release|Any CPU
	EndGlobalSection
	GlobalSection(SolutionProperties) = preSolution
		HideSolutionNode = FALSE
	EndGlobalSection
	GlobalSection(ExtensibilityGlobals) = postSolution
		SolutionGuid = {A57008A3-3C7E-4E5B-AF08-6BCD0B6A85E9}
	EndGlobalSection
EndGlobal
